
Microsoft Visual Studio Solution File, Format Version 12.00
# Visual Studio 15
Project("{FAE04EC0-301F-11D3-BF4B-00C04F79EFBC}") = "Ucm", "Ucm.csproj", "{B0785406-F2B3-22A4-C53C-43A0DABF55D0}"
EndProject
Global
	GlobalSection(SolutionConfigurationPlatforms) = preSolution
		Debug|Any CPU = Debug|Any CPU
		Release|Any CPU = Release|Any CPU
	EndGlobalSection
	GlobalSection(ProjectConfigurationPlatforms) = postSolution
		{B0785406-F2B3-22A4-C53C-43A0DABF55D0}.Debug|Any CPU.ActiveCfg = Debug|Any CPU
		{B0785406-F2B3-22A4-C53C-43A0DABF55D0}.Debug|Any CPU.Build.0 = Debug|Any CPU
		{B0785406-F2B3-22A4-C53C-43A0DABF55D0}.Release|Any CPU.ActiveCfg = Release|Any CPU
		{B0785406-F2B3-22A4-C53C-43A0DABF55D0}.Release|Any CPU.Build.0 = Release|Any CPU
	EndGlobalSection
	GlobalSection(SolutionProperties) = preSolution
		HideSolutionNode = FALSE
	EndGlobalSection
EndGlobal
